# THIS IS AN AUTOGENERATED FILE. DO NOT EDIT THIS FILE DIRECTLY.
# yarn lockfile v1


midievents@^2.0.0:
  version "2.0.0"
  resolved "https://registry.npm.taobao.org/midievents/download/midievents-2.0.0.tgz#7c4995db7ec4a7941fa92ad8bd63be7a4864fc92"
  integrity sha1-fEmV237Ep5QfqSrYvWO+ekhk/JI=

midifile@^2.0.0:
  version "2.0.0"
  resolved "https://registry.npm.taobao.org/midifile/download/midifile-2.0.0.tgz#54638749023c8ca37f6330eee43ce9f720c7d1d8"
  integrity sha1-VGOHSQI8jKN/YzDu5Dzp9yDH0dg=
  dependencies:
    midievents "^2.0.0"
    utf-8 "^2.0.0"

utf-8@^2.0.0:
  version "2.0.0"
  resolved "https://registry.npm.taobao.org/utf-8/download/utf-8-2.0.0.tgz#6c2a309d683958862a01b5bf8e1d2dff46d36bf9"
  integrity sha1-bCownWg5WIYqAbW/jh0t/0bTa/k=
